// !$*UTF8*$!
{
	archiveVersion = 1;
	classes = {
	};
	objectVersion = 46;
	objects = {

/* Begin PBXBuildFile section */
		D6818B591A83CF46004163FF /* AppDelegate.swift in Sources */ = {isa = PBXBuildFile; fileRef = D6818B581A83CF46004163FF /* AppDelegate.swift */; };
		D6818B5B1A83CF46004163FF /* ViewController.swift in Sources */ = {isa = PBXBuildFile; fileRef = D6818B5A1A83CF46004163FF /* ViewController.swift */; };
		D6818B5E1A83CF46004163FF /* Main.storyboard in Resources */ = {isa = PBXBuildFile; fileRef = D6818B5C1A83CF46004163FF /* Main.storyboard */; };
		D6818B601A83CF46004163FF /* Images.xcassets in Resources */ = {isa = PBXBuildFile; fileRef = D6818B5F1A83CF46004163FF /* Images.xcassets */; };
		D6818B631A83CF46004163FF /* LaunchScreen.xib in Resources */ = {isa = PBXBuildFile; fileRef = D6818B611A83CF46004163FF /* LaunchScreen.xib */; };
		D6818B6F1A83CF46004163FF /* PostCardTests.swift in Sources */ = {isa = PBXBuildFile; fileRef = D6818B6E1A83CF46004163FF /* PostCardTests.swift */; };
		D6818B791A83D10F004163FF /* 3d7f0ae.jpg in Resources */ = {isa = PBXBuildFile; fileRef = D6818B781A83D10F004163FF /* 3d7f0ae.jpg */; };
		D6818B7B1A83D189004163FF /* BUrjKhalifa.jpg in Resources */ = {isa = PBXBuildFile; fileRef = D6818B7A1A83D189004163FF /* BUrjKhalifa.jpg */; };
/* End PBXBuildFile section */

/* Begin PBXContainerItemProxy section */
		D6818B691A83CF46004163FF /* PBXContainerItemProxy */ = {
			isa = PBXContainerItemProxy;
			containerPortal = D6818B4B1A83CF46004163FF /* Project object */;
			proxyType = 1;
			remoteGlobalIDString = D6818B521A83CF46004163FF;
			remoteInfo = PostCard;
		};
/* End PBXContainerItemProxy section */

/* Begin PBXFileReference section */
		D6818B531A83CF46004163FF /* PostCard.app */ = {isa = PBXFileReference; explicitFileType = wrapper.application; includeInIndex = 0; path = PostCard.app; sourceTree = BUILT_PRODUCTS_DIR; };
		D6818B571A83CF46004163FF /* Info.plist */ = {isa = PBXFileReference; lastKnownFileType = text.plist.xml; path = Info.plist; sourceTree = "<group>"; };
		D6818B581A83CF46004163FF /* AppDelegate.swift */ = {isa = PBXFileReference; lastKnownFileType = sourcecode.swift; path = AppDelegate.swift; sourceTree = "<group>"; };
		D6818B5A1A83CF46004163FF /* ViewController.swift */ = {isa = PBXFileReference; lastKnownFileType = sourcecode.swift; path = ViewController.swift; sourceTree = "<group>"; };
		D6818B5D1A83CF46004163FF /* Base */ = {isa = PBXFileReference; lastKnownFileType = file.storyboard; name = Base; path = Base.lproj/Main.storyboard; sourceTree = "<group>"; };
		D6818B5F1A83CF46004163FF /* Images.xcassets */ = {isa = PBXFileReference; lastKnownFileType = folder.assetcatalog; path = Images.xcassets; sourceTree = "<group>"; };
		D6818B621A83CF46004163FF /* Base */ = {isa = PBXFileReference; lastKnownFileType = file.xib; name = Base; path = Base.lproj/LaunchScreen.xib; sourceTree = "<group>"; };
		D6818B681A83CF46004163FF /* PostCardTests.xctest */ = {isa = PBXFileReference; explicitFileType = wrapper.cfbundle; includeInIndex = 0; path = PostCardTests.xctest; sourceTree = BUILT_PRODUCTS_DIR; };
		D6818B6D1A83CF46004163FF /* Info.plist */ = {isa = PBXFileReference; lastKnownFileType = text.plist.xml; path = Info.plist; sourceTree = "<group>"; };
		D6818B6E1A83CF46004163FF /* PostCardTests.swift */ = {isa = PBXFileReference; lastKnownFileType = sourcecode.swift; path = PostCardTests.swift; sourceTree = "<group>"; };
		D6818B781A83D10F004163FF /* 3d7f0ae.jpg */ = {isa = PBXFileReference; lastKnownFileType = image.jpeg; path = 3d7f0ae.jpg; sourceTree = "<group>"; };
		D6818B7A1A83D189004163FF /* BUrjKhalifa.jpg */ = {isa = PBXFileReference; lastKnownFileType = image.jpeg; path = BUrjKhalifa.jpg; sourceTree = "<group>"; };
/* End PBXFileReference section */

/* Begin PBXFrameworksBuildPhase section */
		D6818B501A83CF46004163FF /* Frameworks */ = {
			isa = PBXFrameworksBuildPhase;
			buildActionMask = 2147483647;
			files = (
			);
			runOnlyForDeploymentPostprocessing = 0;
		};
		D6818B651A83CF46004163FF /* Frameworks */ = {
			isa = PBXFrameworksBuildPhase;
			buildActionMask = 2147483647;
			files = (
			);
			runOnlyForDeploymentPostprocessing = 0;
		};
/* End PBXFrameworksBuildPhase section */

/* Begin PBXGroup section */
		D6818B4A1A83CF46004163FF = {
			isa = PBXGroup;
			children = (
				D6818B551A83CF46004163FF /* PostCard */,
				D6818B6B1A83CF46004163FF /* PostCardTests */,
				D6818B541A83CF46004163FF /* Products */,
			);
			sourceTree = "<group>";
		};
		D6818B541A83CF46004163FF /* Products */ = {
			isa = PBXGroup;
			children = (
				D6818B531A83CF46004163FF /* PostCard.app */,
				D6818B681A83CF46004163FF /* PostCardTests.xctest */,
			);
			name = Products;
			sourceTree = "<group>";
		};
		D6818B551A83CF46004163FF /* PostCard */ = {
			isa = PBXGroup;
			children = (
				D6818B581A83CF46004163FF /* AppDelegate.swift */,
				D6818B5A1A83CF46004163FF /* ViewController.swift */,
				D6818B5C1A83CF46004163FF /* Main.storyboard */,
				D6818B5F1A83CF46004163FF /* Images.xcassets */,
				D6818B611A83CF46004163FF /* LaunchScreen.xib */,
				D6818B561A83CF46004163FF /* Supporting Files */,
			);
			path = PostCard;
			sourceTree = "<group>";
		};
		D6818B561A83CF46004163FF /* Supporting Files */ = {
			isa = PBXGroup;
			children = (
				D6818B7A1A83D189004163FF /* BUrjKhalifa.jpg */,
				D6818B781A83D10F004163FF /* 3d7f0ae.jpg */,
				D6818B571A83CF46004163FF /* Info.plist */,
			);
			name = "Supporting Files";
			sourceTree = "<group>";
		};
		D6818B6B1A83CF46004163FF /* PostCardTests */ = {
			isa = PBXGroup;
			children = (
				D6818B6E1A83CF46004163FF /* PostCardTests.swift */,
				D6818B6C1A83CF46004163FF /* Supporting Files */,
			);
			path = PostCardTests;
			sourceTree = "<group>";
		};
		D6818B6C1A83CF46004163FF /* Supporting Files */ = {
			isa = PBXGroup;
			children = (
				D6818B6D1A83CF46004163FF /* Info.plist */,
			);
			name = "Supporting Files";
			sourceTree = "<group>";
		};
/* End PBXGroup section */

/* Begin PBXNativeTarget section */
		D6818B521A83CF46004163FF /* PostCard */ = {
			isa = PBXNativeTarget;
			buildConfigurationList = D6818B721A83CF46004163FF /* Build configuration list for PBXNativeTarget "PostCard" */;
			buildPhases = (
				D6818B4F1A83CF46004163FF /* Sources */,
				D6818B501A83CF46004163FF /* Frameworks */,
				D6818B511A83CF46004163FF /* Resources */,
			);
			buildRules = (
			);
			dependencies = (
			);
			name = PostCard;
			productName = PostCard;
			productReference = D6818B531A83CF46004163FF /* PostCard.app */;
			productType = "com.apple.product-type.application";
		};
		D6818B671A83CF46004163FF /* PostCardTests */ = {
			isa = PBXNativeTarget;
			buildConfigurationList = D6818B751A83CF46004163FF /* Build configuration list for PBXNativeTarget "PostCardTests" */;
			buildPhases = (
				D6818B641A83CF46004163FF /* Sources */,
				D6818B651A83CF46004163FF /* Frameworks */,
				D6818B661A83CF46004163FF /* Resources */,
			);
			buildRules = (
			);
			dependencies = (
				D6818B6A1A83CF46004163FF /* PBXTargetDependency */,
			);
			name = PostCardTests;
			productName = PostCardTests;
			productReference = D6818B681A83CF46004163FF /* PostCardTests.xctest */;
			productType = "com.apple.product-type.bundle.unit-test";
		};
/* End PBXNativeTarget section */

/* Begin PBXProject section */
		D6818B4B1A83CF46004163FF /* Project object */ = {
			isa = PBXProject;
			attributes = {
				LastUpgradeCheck = 0610;
				ORGANIZATIONNAME = "Amer Antar";
				TargetAttributes = {
					D6818B521A83CF46004163FF = {
						CreatedOnToolsVersion = 6.1.1;
					};
					D6818B671A83CF46004163FF = {
						CreatedOnToolsVersion = 6.1.1;
						TestTargetID = D6818B521A83CF46004163FF;
					};
				};
			};
			buildConfigurationList = D6818B4E1A83CF46004163FF /* Build configuration list for PBXProject "PostCard" */;
			compatibilityVersion = "Xcode 3.2";
			developmentRegion = English;
			hasScannedForEncodings = 0;
			knownRegions = (
				en,
				Base,
			);
			mainGroup = D6818B4A1A83CF46004163FF;
			productRefGroup = D6818B541A83CF46004163FF /* Products */;
			projectDirPath = "";
			projectRoot = "";
			targets = (
				D6818B521A83CF46004163FF /* PostCard */,
				D6818B671A83CF46004163FF /* PostCardTests */,
			);
		};
/* End PBXProject section */

/* Begin PBXResourcesBuildPhase section */
		D6818B511A83CF46004163FF /* Resources */ = {
			isa = PBXResourcesBuildPhase;
			buildActionMask = 2147483647;
			files = (
				D6818B791A83D10F004163FF /* 3d7f0ae.jpg in Resources */,
				D6818B7B1A83D189004163FF /* BUrjKhalifa.jpg in Resources */,
				D6818B5E1A83CF46004163FF /* Main.storyboard in Resources */,
				D6818B631A83CF46004163FF /* LaunchScreen.xib in Resources */,
				D6818B601A83CF46004163FF /* Images.xcassets in Resources */,
			);
			runOnlyForDeploymentPostprocessing = 0;
		};
		D6818B661A83CF46004163FF /* Resources */ = {
			isa = PBXResourcesBuildPhase;
			buildActionMask = 2147483647;
			files = (
			);
			runOnlyForDeploymentPostprocessing = 0;
		};
/* End PBXResourcesBuildPhase section */

/* Begin PBXSourcesBuildPhase section */
		D6818B4F1A83CF46004163FF /* Sources */ = {
			isa = PBXSourcesBuildPhase;
			buildActionMask = 2147483647;
			files = (
				D6818B5B1A83CF46004163FF /* ViewController.swift in Sources */,
				D6818B591A83CF46004163FF /* AppDelegate.swift in Sources */,
			);
			runOnlyForDeploymentPostprocessing = 0;
		};
		D6818B641A83CF46004163FF /* Sources */ = {
			isa = PBXSourcesBuildPhase;
			buildActionMask = 2147483647;
			files = (
				D6818B6F1A83CF46004163FF /* PostCardTests.swift in Sources */,
			);
			runOnlyForDeploymentPostprocessing = 0;
		};
/* End PBXSourcesBuildPhase section */

/* Begin PBXTargetDependency section */
		D6818B6A1A83CF46004163FF /* PBXTargetDependency */ = {
			isa = PBXTargetDependency;
			target = D6818B521A83CF46004163FF /* PostCard */;
			targetProxy = D6818B691A83CF46004163FF /* PBXContainerItemProxy */;
		};
/* End PBXTargetDependency section */

/* Begin PBXVariantGroup section */
		D6818B5C1A83CF46004163FF /* Main.storyboard */ = {
			isa = PBXVariantGroup;
			children = (
				D6818B5D1A83CF46004163FF /* Base */,
			);
			name = Main.storyboard;
			sourceTree = "<group>";
		};
		D6818B611A83CF46004163FF /* LaunchScreen.xib */ = {
			isa = PBXVariantGroup;
			children = (
				D6818B621A83CF46004163FF /* Base */,
			);
			name = LaunchScreen.xib;
			sourceTree = "<group>";
		};
/* End PBXVariantGroup section */

/* Begin XCBuildConfiguration section */
		D6818B701A83CF46004163FF /* Debug */ = {
			isa = XCBuildConfiguration;
			buildSettings = {
				ALWAYS_SEARCH_USER_PATHS = NO;
				CLANG_CXX_LANGUAGE_STANDARD = "gnu++0x";
				CLANG_CXX_LIBRARY = "libc++";
				CLANG_ENABLE_MODULES = YES;
				CLANG_ENABLE_OBJC_ARC = YES;
				CLANG_WARN_BOOL_CONVERSION = YES;
				CLANG_WARN_CONSTANT_CONVERSION = YES;
				CLANG_WARN_DIRECT_OBJC_ISA_USAGE = YES_ERROR;
				CLANG_WARN_EMPTY_BODY = YES;
				CLANG_WARN_ENUM_CONVERSION = YES;
				CLANG_WARN_INT_CONVERSION = YES;
				CLANG_WARN_OBJC_ROOT_CLASS = YES_ERROR;
				CLANG_WARN_UNREACHABLE_CODE = YES;
				CLANG_WARN__DUPLICATE_METHOD_MATCH = YES;
				"CODE_SIGN_IDENTITY[sdk=iphoneos*]" = "iPhone Developer";
				COPY_PHASE_STRIP = NO;
				ENABLE_STRICT_OBJC_MSGSEND = YES;
				GCC_C_LANGUAGE_STANDARD = gnu99;
				GCC_DYNAMIC_NO_PIC = NO;
				GCC_OPTIMIZATION_LEVEL = 0;
				GCC_PREPROCESSOR_DEFINITIONS = (
					"DEBUG=1",
					"$(inherited)",
				);
				GCC_SYMBOLS_PRIVATE_EXTERN = NO;
				GCC_WARN_64_TO_32_BIT_CONVERSION = YES;
				GCC_WARN_ABOUT_RETURN_TYPE = YES_ERROR;
				GCC_WARN_UNDECLARED_SELECTOR = YES;
				GCC_WARN_UNINITIALIZED_AUTOS = YES_AGGRESSIVE;
				GCC_WARN_UNUSED_FUNCTION = YES;
				GCC_WARN_UNUSED_VARIABLE = YES;
				IPHONEOS_DEPLOYMENT_TARGET = 8.1;
				MTL_ENABLE_DEBUG_INFO = YES;
				ONLY_ACTIVE_ARCH = YES;
				SDKROOT = iphoneos;
				SWIFT_OPTIMIZATION_LEVEL = "-Onone";
				TARGETED_DEVICE_FAMILY = "1,2";
			};
			name = Debug;
		};
		D6818B711A83CF46004163FF /* Release */ = {
			isa = XCBuildConfiguration;
			buildSettings = {
				ALWAYS_SEARCH_USER_PATHS = NO;
				CLANG_CXX_LANGUAGE_STANDARD = "gnu++0x";
				CLANG_CXX_LIBRARY = "libc++";
				CLANG_ENABLE_MODULES = YES;
				CLANG_ENABLE_OBJC_ARC = YES;
				CLANG_WARN_BOOL_CONVERSION = YES;
				CLANG_WARN_CONSTANT_CONVERSION = YES;
				CLANG_WARN_DIRECT_OBJC_ISA_USAGE = YES_ERROR;
				CLANG_WARN_EMPTY_BODY = YES;
				CLANG_WARN_ENUM_CONVERSION = YES;
				CLANG_WARN_INT_CONVERSION = YES;
				CLANG_WARN_OBJC_ROOT_CLASS = YES_ERROR;
				CLANG_WARN_UNREACHABLE_CODE = YES;
				CLANG_WARN__DUPLICATE_METHOD_MATCH = YES;
				"CODE_SIGN_IDENTITY[sdk=iphoneos*]" = "iPhone Developer";
				COPY_PHASE_STRIP = YES;
				ENABLE_NS_ASSERTIONS = NO;
				ENABLE_STRICT_OBJC_MSGSEND = YES;
				GCC_C_LANGUAGE_STANDARD = gnu99;
				GCC_WARN_64_TO_32_BIT_CONVERSION = YES;
				GCC_WARN_ABOUT_RETURN_TYPE = YES_ERROR;
				GCC_WARN_UNDECLARED_SELECTOR = YES;
				GCC_WARN_UNINITIALIZED_AUTOS = YES_AGGRESSIVE;
				GCC_WARN_UNUSED_FUNCTION = YES;
				GCC_WARN_UNUSED_VARIABLE = YES;
				IPHONEOS_DEPLOYMENT_TARGET = 8.1;
				MTL_ENABLE_DEBUG_INFO = NO;
				SDKROOT = iphoneos;
				TARGETED_DEVICE_FAMILY = "1,2";
				VALIDATE_PRODUCT = YES;
			};
			name = Release;
		};
		D6818B731A83CF46004163FF /* Debug */ = {
			isa = XCBuildConfiguration;
			buildSettings = {
				ASSETCATALOG_COMPILER_APPICON_NAME = AppIcon;
				INFOPLIST_FILE = PostCard/Info.plist;
				LD_RUNPATH_SEARCH_PATHS = "$(inherited) @executable_path/Frameworks";
				PRODUCT_NAME = "$(TARGET_NAME)";
			};
			name = Debug;
		};
		D6818B741A83CF46004163FF /* Release */ = {
			isa = XCBuildConfiguration;
			buildSettings = {
				ASSETCATALOG_COMPILER_APPICON_NAME = AppIcon;
				INFOPLIST_FILE = PostCard/Info.plist;
				LD_RUNPATH_SEARCH_PATHS = "$(inherited) @executable_path/Frameworks";
				PRODUCT_NAME = "$(TARGET_NAME)";
			};
			name = Release;
		};
		D6818B761A83CF46004163FF /* Debug */ = {
			isa = XCBuildConfiguration;
			buildSettings = {
				BUNDLE_LOADER = "$(TEST_HOST)";
				FRAMEWORK_SEARCH_PATHS = (
					"$(SDKROOT)/Developer/Library/Frameworks",
					"$(inherited)",
				);
				GCC_PREPROCESSOR_DEFINITIONS = (
					"DEBUG=1",
					"$(inherited)",
				);
				INFOPLIST_FILE = PostCardTests/Info.plist;
				LD_RUNPATH_SEARCH_PATHS = "$(inherited) @executable_path/Frameworks @loader_path/Frameworks";
				PRODUCT_NAME = "$(TARGET_NAME)";
				TEST_HOST = "$(BUILT_PRODUCTS_DIR)/PostCard.app/PostCard";
			};
			name = Debug;
		};
		D6818B771A83CF46004163FF /* Release */ = {
			isa = XCBuildConfiguration;
			buildSettings = {
				BUNDLE_LOADER = "$(TEST_HOST)";
				FRAMEWORK_SEARCH_PATHS = (
					"$(SDKROOT)/Developer/Library/Frameworks",
					"$(inherited)",
				);
				INFOPLIST_FILE = PostCardTests/Info.plist;
				LD_RUNPATH_SEARCH_PATHS = "$(inherited) @executable_path/Frameworks @loader_path/Frameworks";
				PRODUCT_NAME = "$(TARGET_NAME)";
				TEST_HOST = "$(BUILT_PRODUCTS_DIR)/PostCard.app/PostCard";
			};
			name = Release;
		};
/* End XCBuildConfiguration section */

/* Begin XCConfigurationList section */
		D6818B4E1A83CF46004163FF /* Build configuration list for PBXProject "PostCard" */ = {
			isa = XCConfigurationList;
			buildConfigurations = (
				D6818B701A83CF46004163FF /* Debug */,
				D6818B711A83CF46004163FF /* Release */,
			);
			defaultConfigurationIsVisible = 0;
			defaultConfigurationName = Release;
		};
		D6818B721A83CF46004163FF /* Build configuration list for PBXNativeTarget "PostCard" */ = {
			isa = XCConfigurationList;
			buildConfigurations = (
				D6818B731A83CF46004163FF /* Debug */,
				D6818B741A83CF46004163FF /* Release */,
			);
			defaultConfigurationIsVisible = 0;
		};
		D6818B751A83CF46004163FF /* Build configuration list for PBXNativeTarget "PostCardTests" */ = {
			isa = XCConfigurationList;
			buildConfigurations = (
				D6818B761A83CF46004163FF /* Debug */,
				D6818B771A83CF46004163FF /* Release */,
			);
			defaultConfigurationIsVisible = 0;
		};
/* End XCConfigurationList section */
	};
	rootObject = D6818B4B1A83CF46004163FF /* Project object */;
}
